
Microsoft Visual Studio Solution File, Format Version 12.00
# Visual Studio 15
Project("{FAE04EC0-301F-11D3-BF4B-00C04F79EFBC}") = "Assembly-CSharp-Editor", "Assembly-CSharp-Editor.csproj", "{0450BA26-3162-0198-4BC7-B273466E83C3}"
EndProject
Project("{FAE04EC0-301F-11D3-BF4B-00C04F79EFBC}") = "Assembly-CSharp", "Assembly-CSharp.csproj", "{4157B933-F292-AFAC-6C19-43476A84969D}"
EndProject
Global
	GlobalSection(SolutionConfigurationPlatforms) = preSolution
		Debug|Any CPU = Debug|Any CPU
		Release|Any CPU = Release|Any CPU
	EndGlobalSection
	GlobalSection(ProjectConfigurationPlatforms) = postSolution
		{0450BA26-3162-0198-4BC7-B273466E83C3}.Debug|Any CPU.ActiveCfg = Debug|Any CPU
		{0450BA26-3162-0198-4BC7-B273466E83C3}.Debug|Any CPU.Build.0 = Debug|Any CPU
		{0450BA26-3162-0198-4BC7-B273466E83C3}.Release|Any CPU.ActiveCfg = Release|Any CPU
		{0450BA26-3162-0198-4BC7-B273466E83C3}.Release|Any CPU.Build.0 = Release|Any CPU
		{4157B933-F292-AFAC-6C19-43476A84969D}.Debug|Any CPU.ActiveCfg = Debug|Any CPU
		{4157B933-F292-AFAC-6C19-43476A84969D}.Debug|Any CPU.Build.0 = Debug|Any CPU
		{4157B933-F292-AFAC-6C19-43476A84969D}.Release|Any CPU.ActiveCfg = Release|Any CPU
		{4157B933-F292-AFAC-6C19-43476A84969D}.Release|Any CPU.Build.0 = Release|Any CPU
	EndGlobalSection
	GlobalSection(SolutionProperties) = preSolution
		HideSolutionNode = FALSE
	EndGlobalSection
EndGlobal
